{
    "_meta": {
        "hash": {
            "sha256": "d910969163546c244fe81370a9e28c6f53f9cba022e3a05fdd194d5b3a5b11c3"
        },
        "pipfile-spec": 6,
        "requires": {
            "python_full_version": "3.11.2"
        },
        "sources": [
            {
                "name": "pypi",
                "url": "https://pypi.org/simple",
                "verify_ssl": true
            }
        ]
    },
    "default": {
        "attrs": {
            "hashes": [
                "sha256:29e95c7f6778868dbd49170f98f8818f78f3dc5e0e37c0b1f474e3561b240836",
                "sha256:c9227bfc2f01993c03f68db37d1d15c9690188323c067c641f1a35ca58185f99"
            ],
            "markers": "python_version >= '3.6'",
            "version": "==22.2.0"
        },
        "click": {
            "hashes": [
                "sha256:7682dc8afb30297001674575ea00d1814d808d6a36af415a82bd481d37ba7b8e",
                "sha256:bb4d8133cb15a609f44e8213d9b391b0809795062913b383c62be0ee95b1db48"
            ],
            "markers": "python_version >= '3.7'",
            "version": "==8.1.3"
        },
        "colorama": {
            "hashes": [
                "sha256:08695f5cb7ed6e0531a20572697297273c47b8cae5a63ffc6d6ed5c201be6e44",
                "sha256:4f1d9991f5acc0ca119f9d443620b77f9d6b33703e51011c16baf57afb285fc6"
            ],
            "index": "pypi",
            "version": "==0.4.6"
        },
        "iniconfig": {
            "hashes": [
                "sha256:2d91e135bf72d31a410b17c16da610a82cb55f6b0477d1a902134b24a455b8b3",
                "sha256:b6a85871a79d2e3b22d2d1b94ac2824226a63c6b741c88f7ae975f18b6778374"
            ],
            "markers": "python_version >= '3.7'",
            "version": "==2.0.0"
        },
        "packaging": {
            "hashes": [
                "sha256:714ac14496c3e68c99c29b00845f7a2b85f3bb6f1078fd9f72fd20f0570002b2",
                "sha256:b6ad297f8907de0fa2fe1ccbd26fdaf387f5f47c7275fedf8cce89f99446cf97"
            ],
            "markers": "python_version >= '3.7'",
            "version": "==23.0"
        },
        "pluggy": {
            "hashes": [
                "sha256:4224373bacce55f955a878bf9cfa763c1e360858e330072059e10bad68531159",
                "sha256:74134bbf457f031a36d68416e1509f34bd5ccc019f0bcc952c7b909d06b37bd3"
            ],
            "markers": "python_version >= '3.6'",
            "version": "==1.0.0"
        },
        "pyenchant": {
            "hashes": [
                "sha256:1cf830c6614362a78aab78d50eaf7c6c93831369c52e1bb64ffae1df0341e637",
                "sha256:5a636832987eaf26efe971968f4d1b78e81f62bca2bde0a9da210c7de43c3bce",
                "sha256:5facc821ece957208a81423af7d6ec7810dad29697cb0d77aae81e4e11c8e5a6",
                "sha256:6153f521852e23a5add923dbacfbf4bebbb8d70c4e4bad609a8e0f9faeb915d1"
            ],
            "index": "pypi",
            "version": "==3.2.2"
        },
        "pytest": {
            "hashes": [
                "sha256:130328f552dcfac0b1cec75c12e3f005619dc5f874f0a06e8ff7263f0ee6225e",
                "sha256:c99ab0c73aceb050f68929bc93af19ab6db0558791c6a0715723abe9d0ade9d4"
            ],
            "index": "pypi",
            "version": "==7.2.2"
        },
        "shellingham": {
            "hashes": [
                "sha256:368bf8c00754fd4f55afb7bbb86e272df77e4dc76ac29dbcbb81a59e9fc15744",
                "sha256:823bc5fb5c34d60f285b624e7264f4dda254bc803a3774a147bf99c0e3004a28"
            ],
            "index": "pypi",
            "version": "==1.5.0.post1"
        },
        "typer": {
            "hashes": [
                "sha256:b5e704f4e48ec263de1c0b3a2387cd405a13767d2f907f44c1a08cbad96f606d",
                "sha256:ff797846578a9f2a201b53442aedeb543319466870fbe1c701eab66dd7681165"
            ],
            "index": "pypi",
            "version": "==0.7.0"
        }
    },
    "develop": {}
}
